
Microsoft Visual Studio Solution File, Format Version 12.00
# Visual Studio 14
VisualStudioVersion = 14.0.23107.0
MinimumVisualStudioVersion = 10.0.40219.1
Project("{FAE04EC0-301F-11D3-BF4B-00C04F79EFBC}") = "CalculateGroup", "CalculateGroup\CalculateGroup.csproj", "{4D2D02C1-62CF-498B-887E-FB66C4B5214B}"
EndProject
Project("{FAE04EC0-301F-11D3-BF4B-00C04F79EFBC}") = "CalculateGroupTests", "CalculateGroupTests\CalculateGroupTests.csproj", "{A0463A88-BFF6-4D4E-99C1-EB20F55581EA}"
EndProject
Global
	GlobalSection(SolutionConfigurationPlatforms) = preSolution
		Debug|Any CPU = Debug|Any CPU
		Release|Any CPU = Release|Any CPU
	EndGlobalSection
	GlobalSection(ProjectConfigurationPlatforms) = postSolution
		{4D2D02C1-62CF-498B-887E-FB66C4B5214B}.Debug|Any CPU.ActiveCfg = Debug|Any CPU
		{4D2D02C1-62CF-498B-887E-FB66C4B5214B}.Debug|Any CPU.Build.0 = Debug|Any CPU
		{4D2D02C1-62CF-498B-887E-FB66C4B5214B}.Release|Any CPU.ActiveCfg = Release|Any CPU
		{4D2D02C1-62CF-498B-887E-FB66C4B5214B}.Release|Any CPU.Build.0 = Release|Any CPU
		{A0463A88-BFF6-4D4E-99C1-EB20F55581EA}.Debug|Any CPU.ActiveCfg = Debug|Any CPU
		{A0463A88-BFF6-4D4E-99C1-EB20F55581EA}.Debug|Any CPU.Build.0 = Debug|Any CPU
		{A0463A88-BFF6-4D4E-99C1-EB20F55581EA}.Release|Any CPU.ActiveCfg = Release|Any CPU
		{A0463A88-BFF6-4D4E-99C1-EB20F55581EA}.Release|Any CPU.Build.0 = Release|Any CPU
	EndGlobalSection
	GlobalSection(SolutionProperties) = preSolution
		HideSolutionNode = FALSE
	EndGlobalSection
EndGlobal
